
Microsoft Visual Studio Solution File, Format Version 12.00
# Visual Studio Version 16
VisualStudioVersion = 16.0.31205.134
MinimumVisualStudioVersion = 10.0.40219.1
Project("{FAE04EC0-301F-11D3-BF4B-00C04F79EFBC}") = "ConvertLab1Arqui", "ConvertLab1Arqui\ConvertLab1Arqui.csproj", "{7678FD71-7F50-4B47-96D4-5F7E28575B16}"
EndProject
Project("{FAE04EC0-301F-11D3-BF4B-00C04F79EFBC}") = "ConvertSNLab1Arqui", "ConvertSNLab1Arqui\ConvertSNLab1Arqui.csproj", "{A576CCD5-C0A7-466D-B40A-371DD6E6D99E}"
EndProject
Global
	GlobalSection(SolutionConfigurationPlatforms) = preSolution
		Debug|Any CPU = Debug|Any CPU
		Release|Any CPU = Release|Any CPU
	EndGlobalSection
	GlobalSection(ProjectConfigurationPlatforms) = postSolution
		{7678FD71-7F50-4B47-96D4-5F7E28575B16}.Debug|Any CPU.ActiveCfg = Debug|Any CPU
		{7678FD71-7F50-4B47-96D4-5F7E28575B16}.Debug|Any CPU.Build.0 = Debug|Any CPU
		{7678FD71-7F50-4B47-96D4-5F7E28575B16}.Release|Any CPU.ActiveCfg = Release|Any CPU
		{7678FD71-7F50-4B47-96D4-5F7E28575B16}.Release|Any CPU.Build.0 = Release|Any CPU
		{A576CCD5-C0A7-466D-B40A-371DD6E6D99E}.Debug|Any CPU.ActiveCfg = Debug|Any CPU
		{A576CCD5-C0A7-466D-B40A-371DD6E6D99E}.Debug|Any CPU.Build.0 = Debug|Any CPU
		{A576CCD5-C0A7-466D-B40A-371DD6E6D99E}.Release|Any CPU.ActiveCfg = Release|Any CPU
		{A576CCD5-C0A7-466D-B40A-371DD6E6D99E}.Release|Any CPU.Build.0 = Release|Any CPU
	EndGlobalSection
	GlobalSection(SolutionProperties) = preSolution
		HideSolutionNode = FALSE
	EndGlobalSection
	GlobalSection(ExtensibilityGlobals) = postSolution
		SolutionGuid = {CB7C4CA6-C647-43E6-BE6A-917A77ACAD33}
	EndGlobalSection
EndGlobal
